
Microsoft Visual Studio Solution File, Format Version 11.00
# Visual Studio 2010
Project("{2150E333-8FDC-42A3-9474-1A3956D46DE8}") = "Solution Items", "Solution Items", "{A0BAA413-6933-4FED-81BA-07753971F657}"
	ProjectSection(SolutionItems) = preProject
		ActivityMonitor2.vsmdi = ActivityMonitor2.vsmdi
		Local.testsettings = Local.testsettings
		TraceAndTestImpact.testsettings = TraceAndTestImpact.testsettings
	EndProjectSection
EndProject
Project("{FAE04EC0-301F-11D3-BF4B-00C04F79EFBC}") = "ActivityMonitor2.Doman", "ActivityMonitor2.Doman\ActivityMonitor2.Doman.csproj", "{ACC93363-E13A-4084-A412-2756770E2FA0}"
EndProject
Project("{FAE04EC0-301F-11D3-BF4B-00C04F79EFBC}") = "ActivityMonitor2.Tester", "ActivityMonitor2.Tester\ActivityMonitor2.Tester.csproj", "{92AF3E0B-FB24-4CC6-A914-1D6B9F56333B}"
EndProject
Project("{FAE04EC0-301F-11D3-BF4B-00C04F79EFBC}") = "ActivityMonitor2.GUI", "ActivityMonitor2.GUI\ActivityMonitor2.GUI.csproj", "{24D057D7-C71E-4B4F-BFA2-555BD827A1DE}"
EndProject
Project("{FAE04EC0-301F-11D3-BF4B-00C04F79EFBC}") = "BitmapToIcon", "BitmapToIcon\BitmapToIcon.csproj", "{1CA5F233-DEAC-4552-A594-67AA0B5D9BA5}"
EndProject
Global
	GlobalSection(TestCaseManagementSettings) = postSolution
		CategoryFile = ActivityMonitor2.vsmdi
	EndGlobalSection
	GlobalSection(SolutionConfigurationPlatforms) = preSolution
		Debug|Any CPU = Debug|Any CPU
		Debug|Mixed Platforms = Debug|Mixed Platforms
		Debug|x86 = Debug|x86
		Release|Any CPU = Release|Any CPU
		Release|Mixed Platforms = Release|Mixed Platforms
		Release|x86 = Release|x86
	EndGlobalSection
	GlobalSection(ProjectConfigurationPlatforms) = postSolution
		{ACC93363-E13A-4084-A412-2756770E2FA0}.Debug|Any CPU.ActiveCfg = Debug|Any CPU
		{ACC93363-E13A-4084-A412-2756770E2FA0}.Debug|Any CPU.Build.0 = Debug|Any CPU
		{ACC93363-E13A-4084-A412-2756770E2FA0}.Debug|Mixed Platforms.ActiveCfg = Debug|Any CPU
		{ACC93363-E13A-4084-A412-2756770E2FA0}.Debug|Mixed Platforms.Build.0 = Debug|Any CPU
		{ACC93363-E13A-4084-A412-2756770E2FA0}.Debug|x86.ActiveCfg = Debug|Any CPU
		{ACC93363-E13A-4084-A412-2756770E2FA0}.Release|Any CPU.ActiveCfg = Release|Any CPU
		{ACC93363-E13A-4084-A412-2756770E2FA0}.Release|Any CPU.Build.0 = Release|Any CPU
		{ACC93363-E13A-4084-A412-2756770E2FA0}.Release|Mixed Platforms.ActiveCfg = Release|Any CPU
		{ACC93363-E13A-4084-A412-2756770E2FA0}.Release|Mixed Platforms.Build.0 = Release|Any CPU
		{ACC93363-E13A-4084-A412-2756770E2FA0}.Release|x86.ActiveCfg = Release|Any CPU
		{92AF3E0B-FB24-4CC6-A914-1D6B9F56333B}.Debug|Any CPU.ActiveCfg = Debug|Any CPU
		{92AF3E0B-FB24-4CC6-A914-1D6B9F56333B}.Debug|Any CPU.Build.0 = Debug|Any CPU
		{92AF3E0B-FB24-4CC6-A914-1D6B9F56333B}.Debug|Mixed Platforms.ActiveCfg = Debug|Any CPU
		{92AF3E0B-FB24-4CC6-A914-1D6B9F56333B}.Debug|Mixed Platforms.Build.0 = Debug|Any CPU
		{92AF3E0B-FB24-4CC6-A914-1D6B9F56333B}.Debug|x86.ActiveCfg = Debug|Any CPU
		{92AF3E0B-FB24-4CC6-A914-1D6B9F56333B}.Release|Any CPU.ActiveCfg = Release|Any CPU
		{92AF3E0B-FB24-4CC6-A914-1D6B9F56333B}.Release|Any CPU.Build.0 = Release|Any CPU
		{92AF3E0B-FB24-4CC6-A914-1D6B9F56333B}.Release|Mixed Platforms.ActiveCfg = Release|Any CPU
		{92AF3E0B-FB24-4CC6-A914-1D6B9F56333B}.Release|Mixed Platforms.Build.0 = Release|Any CPU
		{92AF3E0B-FB24-4CC6-A914-1D6B9F56333B}.Release|x86.ActiveCfg = Release|Any CPU
		{24D057D7-C71E-4B4F-BFA2-555BD827A1DE}.Debug|Any CPU.ActiveCfg = Debug|x86
		{24D057D7-C71E-4B4F-BFA2-555BD827A1DE}.Debug|Mixed Platforms.ActiveCfg = Debug|Any CPU
		{24D057D7-C71E-4B4F-BFA2-555BD827A1DE}.Debug|Mixed Platforms.Build.0 = Debug|Any CPU
		{24D057D7-C71E-4B4F-BFA2-555BD827A1DE}.Debug|x86.ActiveCfg = Debug|x86
		{24D057D7-C71E-4B4F-BFA2-555BD827A1DE}.Debug|x86.Build.0 = Debug|x86
		{24D057D7-C71E-4B4F-BFA2-555BD827A1DE}.Release|Any CPU.ActiveCfg = Release|x86
		{24D057D7-C71E-4B4F-BFA2-555BD827A1DE}.Release|Mixed Platforms.ActiveCfg = Release|x86
		{24D057D7-C71E-4B4F-BFA2-555BD827A1DE}.Release|Mixed Platforms.Build.0 = Release|x86
		{24D057D7-C71E-4B4F-BFA2-555BD827A1DE}.Release|x86.ActiveCfg = Release|x86
		{24D057D7-C71E-4B4F-BFA2-555BD827A1DE}.Release|x86.Build.0 = Release|x86
		{1CA5F233-DEAC-4552-A594-67AA0B5D9BA5}.Debug|Any CPU.ActiveCfg = Debug|Any CPU
		{1CA5F233-DEAC-4552-A594-67AA0B5D9BA5}.Debug|Any CPU.Build.0 = Debug|Any CPU
		{1CA5F233-DEAC-4552-A594-67AA0B5D9BA5}.Debug|Mixed Platforms.ActiveCfg = Debug|Any CPU
		{1CA5F233-DEAC-4552-A594-67AA0B5D9BA5}.Debug|Mixed Platforms.Build.0 = Debug|Any CPU
		{1CA5F233-DEAC-4552-A594-67AA0B5D9BA5}.Debug|x86.ActiveCfg = Debug|Any CPU
		{1CA5F233-DEAC-4552-A594-67AA0B5D9BA5}.Release|Any CPU.ActiveCfg = Release|Any CPU
		{1CA5F233-DEAC-4552-A594-67AA0B5D9BA5}.Release|Any CPU.Build.0 = Release|Any CPU
		{1CA5F233-DEAC-4552-A594-67AA0B5D9BA5}.Release|Mixed Platforms.ActiveCfg = Release|Any CPU
		{1CA5F233-DEAC-4552-A594-67AA0B5D9BA5}.Release|Mixed Platforms.Build.0 = Release|Any CPU
		{1CA5F233-DEAC-4552-A594-67AA0B5D9BA5}.Release|x86.ActiveCfg = Release|Any CPU
	EndGlobalSection
	GlobalSection(SolutionProperties) = preSolution
		HideSolutionNode = FALSE
	EndGlobalSection
EndGlobal
